
Microsoft Visual Studio Solution File, Format Version 12.00
# Visual Studio Version 16
VisualStudioVersion = 16.0.30804.86
MinimumVisualStudioVersion = 10.0.40219.1
Project("{9A19103F-16F7-4668-BE54-9A1E7A4F7556}") = "RGBKeyboard", "RGBKeyboard.csproj", "{B0CA2719-A737-4A98-8271-4ECF81038A8E}"
EndProject
Global
	GlobalSection(SolutionConfigurationPlatforms) = preSolution
		Debug|Any CPU = Debug|Any CPU
		Release|Any CPU = Release|Any CPU
	EndGlobalSection
	GlobalSection(ProjectConfigurationPlatforms) = postSolution
		{B0CA2719-A737-4A98-8271-4ECF81038A8E}.Debug|Any CPU.ActiveCfg = Debug|Any CPU
		{B0CA2719-A737-4A98-8271-4ECF81038A8E}.Debug|Any CPU.Build.0 = Debug|Any CPU
		{B0CA2719-A737-4A98-8271-4ECF81038A8E}.Release|Any CPU.ActiveCfg = Release|Any CPU
		{B0CA2719-A737-4A98-8271-4ECF81038A8E}.Release|Any CPU.Build.0 = Release|Any CPU
	EndGlobalSection
	GlobalSection(SolutionProperties) = preSolution
		HideSolutionNode = FALSE
	EndGlobalSection
	GlobalSection(ExtensibilityGlobals) = postSolution
		SolutionGuid = {2453E415-AB3D-40B7-A9AC-2FA1A820030A}
	EndGlobalSection
EndGlobal
